
Microsoft Visual Studio Solution File, Format Version 12.00
# Visual Studio Version 17
VisualStudioVersion = 17.6.33801.468
MinimumVisualStudioVersion = 10.0.40219.1
Project("{888888A0-9F3D-457C-B088-3A5042F75D52}") = "Python list", "Python list\Python list.pyproj", "{8FDCB4B6-546D-4697-8F9F-F77C22CC4CD5}"
EndProject
Global
	GlobalSection(SolutionConfigurationPlatforms) = preSolution
		Debug|Any CPU = Debug|Any CPU
		Release|Any CPU = Release|Any CPU
	EndGlobalSection
	GlobalSection(ProjectConfigurationPlatforms) = postSolution
		{8FDCB4B6-546D-4697-8F9F-F77C22CC4CD5}.Debug|Any CPU.ActiveCfg = Debug|Any CPU
		{8FDCB4B6-546D-4697-8F9F-F77C22CC4CD5}.Release|Any CPU.ActiveCfg = Release|Any CPU
	EndGlobalSection
	GlobalSection(SolutionProperties) = preSolution
		HideSolutionNode = FALSE
	EndGlobalSection
	GlobalSection(ExtensibilityGlobals) = postSolution
		SolutionGuid = {CADDCC5A-68D0-45B4-8BEC-C9A5E85A55D9}
	EndGlobalSection
EndGlobal
